
Microsoft Visual Studio Solution File, Format Version 12.00
# Visual Studio Version 17
VisualStudioVersion = 17.6.33815.320
MinimumVisualStudioVersion = 10.0.40219.1
Project("{FAE04EC0-301F-11D3-BF4B-00C04F79EFBC}") = "searchAssessment", "searchAssessment.csproj", "{989932BB-D889-4FBA-8BC2-ED149AA61F27}"
EndProject
Global
	GlobalSection(SolutionConfigurationPlatforms) = preSolution
		Debug|Any CPU = Debug|Any CPU
		Release|Any CPU = Release|Any CPU
	EndGlobalSection
	GlobalSection(ProjectConfigurationPlatforms) = postSolution
		{989932BB-D889-4FBA-8BC2-ED149AA61F27}.Debug|Any CPU.ActiveCfg = Debug|Any CPU
		{989932BB-D889-4FBA-8BC2-ED149AA61F27}.Debug|Any CPU.Build.0 = Debug|Any CPU
		{989932BB-D889-4FBA-8BC2-ED149AA61F27}.Release|Any CPU.ActiveCfg = Release|Any CPU
		{989932BB-D889-4FBA-8BC2-ED149AA61F27}.Release|Any CPU.Build.0 = Release|Any CPU
	EndGlobalSection
	GlobalSection(SolutionProperties) = preSolution
		HideSolutionNode = FALSE
	EndGlobalSection
	GlobalSection(ExtensibilityGlobals) = postSolution
		SolutionGuid = {06413FC4-814D-4406-B051-01425FBF0592}
	EndGlobalSection
EndGlobal
